// !$*UTF8*$!
{
	archiveVersion = 1;
	classes = {
	};
	objectVersion = 55;
	objects = {

/* Begin PBXBuildFile section */
		6B4BCB0227830703002AEE4F /* ExText.swift in Sources */ = {isa = PBXBuildFile; fileRef = 6B4BCB0127830703002AEE4F /* ExText.swift */; };
		6B4BCB04278354B6002AEE4F /* ExImage.swift in Sources */ = {isa = PBXBuildFile; fileRef = 6B4BCB03278354B6002AEE4F /* ExImage.swift */; };
		6B74627C2793153400F7E81A /* ExViewModifier.swift in Sources */ = {isa = PBXBuildFile; fileRef = 6B74627B2793153400F7E81A /* ExViewModifier.swift */; };
		6BA52A7F2784A5E700DC1163 /* ExShape.swift in Sources */ = {isa = PBXBuildFile; fileRef = 6BA52A7E2784A5E700DC1163 /* ExShape.swift */; };
		6BA52A812784A9C700DC1163 /* ExButton.swift in Sources */ = {isa = PBXBuildFile; fileRef = 6BA52A802784A9C700DC1163 /* ExButton.swift */; };
		6BB5150A2789DCB7008844F7 /* ExToggle.swift in Sources */ = {isa = PBXBuildFile; fileRef = 6BB515092789DCB7008844F7 /* ExToggle.swift */; };
		6BB5150C2789E60C008844F7 /* ExListForEach.swift in Sources */ = {isa = PBXBuildFile; fileRef = 6BB5150B2789E60C008844F7 /* ExListForEach.swift */; };
		6BB5150E2789F73A008844F7 /* ExListForEachSection.swift in Sources */ = {isa = PBXBuildFile; fileRef = 6BB5150D2789F73A008844F7 /* ExListForEachSection.swift */; };
		6BC573BD277CBDD800A2B28A /* Ex_SwiftUIApp.swift in Sources */ = {isa = PBXBuildFile; fileRef = 6BC573BC277CBDD800A2B28A /* Ex_SwiftUIApp.swift */; };
		6BC573BF277CBDD800A2B28A /* ContentView.swift in Sources */ = {isa = PBXBuildFile; fileRef = 6BC573BE277CBDD800A2B28A /* ContentView.swift */; };
		6BC573C1277CBDDB00A2B28A /* Assets.xcassets in Resources */ = {isa = PBXBuildFile; fileRef = 6BC573C0277CBDDB00A2B28A /* Assets.xcassets */; };
		6BC573C4277CBDDB00A2B28A /* Preview Assets.xcassets in Resources */ = {isa = PBXBuildFile; fileRef = 6BC573C3277CBDDB00A2B28A /* Preview Assets.xcassets */; };
		6BE497AD2780AD4800E0371B /* ExStackView.swift in Sources */ = {isa = PBXBuildFile; fileRef = 6BE497AC2780AD4800E0371B /* ExStackView.swift */; };
/* End PBXBuildFile section */

/* Begin PBXFileReference section */
		6B4BCB0127830703002AEE4F /* ExText.swift */ = {isa = PBXFileReference; lastKnownFileType = sourcecode.swift; path = ExText.swift; sourceTree = "<group>"; };
		6B4BCB03278354B6002AEE4F /* ExImage.swift */ = {isa = PBXFileReference; lastKnownFileType = sourcecode.swift; path = ExImage.swift; sourceTree = "<group>"; };
		6B74627B2793153400F7E81A /* ExViewModifier.swift */ = {isa = PBXFileReference; lastKnownFileType = sourcecode.swift; path = ExViewModifier.swift; sourceTree = "<group>"; };
		6BA52A7E2784A5E700DC1163 /* ExShape.swift */ = {isa = PBXFileReference; lastKnownFileType = sourcecode.swift; path = ExShape.swift; sourceTree = "<group>"; };
		6BA52A802784A9C700DC1163 /* ExButton.swift */ = {isa = PBXFileReference; lastKnownFileType = sourcecode.swift; path = ExButton.swift; sourceTree = "<group>"; };
		6BB515092789DCB7008844F7 /* ExToggle.swift */ = {isa = PBXFileReference; lastKnownFileType = sourcecode.swift; path = ExToggle.swift; sourceTree = "<group>"; };
		6BB5150B2789E60C008844F7 /* ExListForEach.swift */ = {isa = PBXFileReference; lastKnownFileType = sourcecode.swift; path = ExListForEach.swift; sourceTree = "<group>"; };
		6BB5150D2789F73A008844F7 /* ExListForEachSection.swift */ = {isa = PBXFileReference; lastKnownFileType = sourcecode.swift; path = ExListForEachSection.swift; sourceTree = "<group>"; };
		6BC573B9277CBDD800A2B28A /* Ex_SwiftUI.app */ = {isa = PBXFileReference; explicitFileType = wrapper.application; includeInIndex = 0; path = Ex_SwiftUI.app; sourceTree = BUILT_PRODUCTS_DIR; };
		6BC573BC277CBDD800A2B28A /* Ex_SwiftUIApp.swift */ = {isa = PBXFileReference; lastKnownFileType = sourcecode.swift; path = Ex_SwiftUIApp.swift; sourceTree = "<group>"; };
		6BC573BE277CBDD800A2B28A /* ContentView.swift */ = {isa = PBXFileReference; lastKnownFileType = sourcecode.swift; path = ContentView.swift; sourceTree = "<group>"; };
		6BC573C0277CBDDB00A2B28A /* Assets.xcassets */ = {isa = PBXFileReference; lastKnownFileType = folder.assetcatalog; path = Assets.xcassets; sourceTree = "<group>"; };
		6BC573C3277CBDDB00A2B28A /* Preview Assets.xcassets */ = {isa = PBXFileReference; lastKnownFileType = folder.assetcatalog; path = "Preview Assets.xcassets"; sourceTree = "<group>"; };
		6BE497AC2780AD4800E0371B /* ExStackView.swift */ = {isa = PBXFileReference; lastKnownFileType = sourcecode.swift; path = ExStackView.swift; sourceTree = "<group>"; };
/* End PBXFileReference section */

/* Begin PBXFrameworksBuildPhase section */
		6BC573B6277CBDD800A2B28A /* Frameworks */ = {
			isa = PBXFrameworksBuildPhase;
			buildActionMask = 2147483647;
			files = (
			);
			runOnlyForDeploymentPostprocessing = 0;
		};
/* End PBXFrameworksBuildPhase section */

/* Begin PBXGroup section */
		6B11039A278DD18000ED21F6 /* Sources */ = {
			isa = PBXGroup;
			children = (
				6BC573BC277CBDD800A2B28A /* Ex_SwiftUIApp.swift */,
				6BC573BE277CBDD800A2B28A /* ContentView.swift */,
				6BE497AC2780AD4800E0371B /* ExStackView.swift */,
				6B4BCB0127830703002AEE4F /* ExText.swift */,
				6B4BCB03278354B6002AEE4F /* ExImage.swift */,
				6BA52A7E2784A5E700DC1163 /* ExShape.swift */,
				6BA52A802784A9C700DC1163 /* ExButton.swift */,
				6BB515092789DCB7008844F7 /* ExToggle.swift */,
				6BB5150B2789E60C008844F7 /* ExListForEach.swift */,
				6BB5150D2789F73A008844F7 /* ExListForEachSection.swift */,
				6B74627B2793153400F7E81A /* ExViewModifier.swift */,
			);
			path = Sources;
			sourceTree = "<group>";
		};
		6BC573B0277CBDD800A2B28A = {
			isa = PBXGroup;
			children = (
				6BC573BB277CBDD800A2B28A /* Ex_SwiftUI */,
				6BC573BA277CBDD800A2B28A /* Products */,
			);
			sourceTree = "<group>";
		};
		6BC573BA277CBDD800A2B28A /* Products */ = {
			isa = PBXGroup;
			children = (
				6BC573B9277CBDD800A2B28A /* Ex_SwiftUI.app */,
			);
			name = Products;
			sourceTree = "<group>";
		};
		6BC573BB277CBDD800A2B28A /* Ex_SwiftUI */ = {
			isa = PBXGroup;
			children = (
				6B11039A278DD18000ED21F6 /* Sources */,
				6BC573C2277CBDDB00A2B28A /* Preview Content */,
				6BC573C0277CBDDB00A2B28A /* Assets.xcassets */,
			);
			path = Ex_SwiftUI;
			sourceTree = "<group>";
		};
		6BC573C2277CBDDB00A2B28A /* Preview Content */ = {
			isa = PBXGroup;
			children = (
				6BC573C3277CBDDB00A2B28A /* Preview Assets.xcassets */,
			);
			path = "Preview Content";
			sourceTree = "<group>";
		};
/* End PBXGroup section */

/* Begin PBXNativeTarget section */
		6BC573B8277CBDD800A2B28A /* Ex_SwiftUI */ = {
			isa = PBXNativeTarget;
			buildConfigurationList = 6BC573C7277CBDDB00A2B28A /* Build configuration list for PBXNativeTarget "Ex_SwiftUI" */;
			buildPhases = (
				6BC573B5277CBDD800A2B28A /* Sources */,
				6BC573B6277CBDD800A2B28A /* Frameworks */,
				6BC573B7277CBDD800A2B28A /* Resources */,
			);
			buildRules = (
			);
			dependencies = (
			);
			name = Ex_SwiftUI;
			productName = Ex_SwiftUI;
			productReference = 6BC573B9277CBDD800A2B28A /* Ex_SwiftUI.app */;
			productType = "com.apple.product-type.application";
		};
/* End PBXNativeTarget section */

/* Begin PBXProject section */
		6BC573B1277CBDD800A2B28A /* Project object */ = {
			isa = PBXProject;
			attributes = {
				BuildIndependentTargetsInParallel = 1;
				LastSwiftUpdateCheck = 1310;
				LastUpgradeCheck = 1310;
				TargetAttributes = {
					6BC573B8277CBDD800A2B28A = {
						CreatedOnToolsVersion = 13.1;
					};
				};
			};
			buildConfigurationList = 6BC573B4277CBDD800A2B28A /* Build configuration list for PBXProject "Ex_SwiftUI" */;
			compatibilityVersion = "Xcode 13.0";
			developmentRegion = en;
			hasScannedForEncodings = 0;
			knownRegions = (
				en,
				Base,
			);
			mainGroup = 6BC573B0277CBDD800A2B28A;
			productRefGroup = 6BC573BA277CBDD800A2B28A /* Products */;
			projectDirPath = "";
			projectRoot = "";
			targets = (
				6BC573B8277CBDD800A2B28A /* Ex_SwiftUI */,
			);
		};
/* End PBXProject section */

/* Begin PBXResourcesBuildPhase section */
		6BC573B7277CBDD800A2B28A /* Resources */ = {
			isa = PBXResourcesBuildPhase;
			buildActionMask = 2147483647;
			files = (
				6BC573C4277CBDDB00A2B28A /* Preview Assets.xcassets in Resources */,
				6BC573C1277CBDDB00A2B28A /* Assets.xcassets in Resources */,
			);
			runOnlyForDeploymentPostprocessing = 0;
		};
/* End PBXResourcesBuildPhase section */

/* Begin PBXSourcesBuildPhase section */
		6BC573B5277CBDD800A2B28A /* Sources */ = {
			isa = PBXSourcesBuildPhase;
			buildActionMask = 2147483647;
			files = (
				6BB5150A2789DCB7008844F7 /* ExToggle.swift in Sources */,
				6B4BCB04278354B6002AEE4F /* ExImage.swift in Sources */,
				6BC573BF277CBDD800A2B28A /* ContentView.swift in Sources */,
				6B4BCB0227830703002AEE4F /* ExText.swift in Sources */,
				6BE497AD2780AD4800E0371B /* ExStackView.swift in Sources */,
				6BA52A7F2784A5E700DC1163 /* ExShape.swift in Sources */,
				6BB5150C2789E60C008844F7 /* ExListForEach.swift in Sources */,
				6BA52A812784A9C700DC1163 /* ExButton.swift in Sources */,
				6B74627C2793153400F7E81A /* ExViewModifier.swift in Sources */,
				6BC573BD277CBDD800A2B28A /* Ex_SwiftUIApp.swift in Sources */,
				6BB5150E2789F73A008844F7 /* ExListForEachSection.swift in Sources */,
			);
			runOnlyForDeploymentPostprocessing = 0;
		};
/* End PBXSourcesBuildPhase section */

/* Begin XCBuildConfiguration section */
		6BC573C5277CBDDB00A2B28A /* Debug */ = {
			isa = XCBuildConfiguration;
			buildSettings = {
				ALWAYS_SEARCH_USER_PATHS = NO;
				CLANG_ANALYZER_NONNULL = YES;
				CLANG_ANALYZER_NUMBER_OBJECT_CONVERSION = YES_AGGRESSIVE;
				CLANG_CXX_LANGUAGE_STANDARD = "gnu++17";
				CLANG_CXX_LIBRARY = "libc++";
				CLANG_ENABLE_MODULES = YES;
				CLANG_ENABLE_OBJC_ARC = YES;
				CLANG_ENABLE_OBJC_WEAK = YES;
				CLANG_WARN_BLOCK_CAPTURE_AUTORELEASING = YES;
				CLANG_WARN_BOOL_CONVERSION = YES;
				CLANG_WARN_COMMA = YES;
				CLANG_WARN_CONSTANT_CONVERSION = YES;
				CLANG_WARN_DEPRECATED_OBJC_IMPLEMENTATIONS = YES;
				CLANG_WARN_DIRECT_OBJC_ISA_USAGE = YES_ERROR;
				CLANG_WARN_DOCUMENTATION_COMMENTS = YES;
				CLANG_WARN_EMPTY_BODY = YES;
				CLANG_WARN_ENUM_CONVERSION = YES;
				CLANG_WARN_INFINITE_RECURSION = YES;
				CLANG_WARN_INT_CONVERSION = YES;
				CLANG_WARN_NON_LITERAL_NULL_CONVERSION = YES;
				CLANG_WARN_OBJC_IMPLICIT_RETAIN_SELF = YES;
				CLANG_WARN_OBJC_LITERAL_CONVERSION = YES;
				CLANG_WARN_OBJC_ROOT_CLASS = YES_ERROR;
				CLANG_WARN_QUOTED_INCLUDE_IN_FRAMEWORK_HEADER = YES;
				CLANG_WARN_RANGE_LOOP_ANALYSIS = YES;
				CLANG_WARN_STRICT_PROTOTYPES = YES;
				CLANG_WARN_SUSPICIOUS_MOVE = YES;
				CLANG_WARN_UNGUARDED_AVAILABILITY = YES_AGGRESSIVE;
				CLANG_WARN_UNREACHABLE_CODE = YES;
				CLANG_WARN__DUPLICATE_METHOD_MATCH = YES;
				COPY_PHASE_STRIP = NO;
				DEBUG_INFORMATION_FORMAT = dwarf;
				ENABLE_STRICT_OBJC_MSGSEND = YES;
				ENABLE_TESTABILITY = YES;
				GCC_C_LANGUAGE_STANDARD = gnu11;
				GCC_DYNAMIC_NO_PIC = NO;
				GCC_NO_COMMON_BLOCKS = YES;
				GCC_OPTIMIZATION_LEVEL = 0;
				GCC_PREPROCESSOR_DEFINITIONS = (
					"DEBUG=1",
					"$(inherited)",
				);
				GCC_WARN_64_TO_32_BIT_CONVERSION = YES;
				GCC_WARN_ABOUT_RETURN_TYPE = YES_ERROR;
				GCC_WARN_UNDECLARED_SELECTOR = YES;
				GCC_WARN_UNINITIALIZED_AUTOS = YES_AGGRESSIVE;
				GCC_WARN_UNUSED_FUNCTION = YES;
				GCC_WARN_UNUSED_VARIABLE = YES;
				IPHONEOS_DEPLOYMENT_TARGET = 15.0;
				MTL_ENABLE_DEBUG_INFO = INCLUDE_SOURCE;
				MTL_FAST_MATH = YES;
				ONLY_ACTIVE_ARCH = YES;
				SDKROOT = iphoneos;
				SWIFT_ACTIVE_COMPILATION_CONDITIONS = DEBUG;
				SWIFT_OPTIMIZATION_LEVEL = "-Onone";
			};
			name = Debug;
		};
		6BC573C6277CBDDB00A2B28A /* Release */ = {
			isa = XCBuildConfiguration;
			buildSettings = {
				ALWAYS_SEARCH_USER_PATHS = NO;
				CLANG_ANALYZER_NONNULL = YES;
				CLANG_ANALYZER_NUMBER_OBJECT_CONVERSION = YES_AGGRESSIVE;
				CLANG_CXX_LANGUAGE_STANDARD = "gnu++17";
				CLANG_CXX_LIBRARY = "libc++";
				CLANG_ENABLE_MODULES = YES;
				CLANG_ENABLE_OBJC_ARC = YES;
				CLANG_ENABLE_OBJC_WEAK = YES;
				CLANG_WARN_BLOCK_CAPTURE_AUTORELEASING = YES;
				CLANG_WARN_BOOL_CONVERSION = YES;
				CLANG_WARN_COMMA = YES;
				CLANG_WARN_CONSTANT_CONVERSION = YES;
				CLANG_WARN_DEPRECATED_OBJC_IMPLEMENTATIONS = YES;
				CLANG_WARN_DIRECT_OBJC_ISA_USAGE = YES_ERROR;
				CLANG_WARN_DOCUMENTATION_COMMENTS = YES;
				CLANG_WARN_EMPTY_BODY = YES;
				CLANG_WARN_ENUM_CONVERSION = YES;
				CLANG_WARN_INFINITE_RECURSION = YES;
				CLANG_WARN_INT_CONVERSION = YES;
				CLANG_WARN_NON_LITERAL_NULL_CONVERSION = YES;
				CLANG_WARN_OBJC_IMPLICIT_RETAIN_SELF = YES;
				CLANG_WARN_OBJC_LITERAL_CONVERSION = YES;
				CLANG_WARN_OBJC_ROOT_CLASS = YES_ERROR;
				CLANG_WARN_QUOTED_INCLUDE_IN_FRAMEWORK_HEADER = YES;
				CLANG_WARN_RANGE_LOOP_ANALYSIS = YES;
				CLANG_WARN_STRICT_PROTOTYPES = YES;
				CLANG_WARN_SUSPICIOUS_MOVE = YES;
				CLANG_WARN_UNGUARDED_AVAILABILITY = YES_AGGRESSIVE;
				CLANG_WARN_UNREACHABLE_CODE = YES;
				CLANG_WARN__DUPLICATE_METHOD_MATCH = YES;
				COPY_PHASE_STRIP = NO;
				DEBUG_INFORMATION_FORMAT = "dwarf-with-dsym";
				ENABLE_NS_ASSERTIONS = NO;
				ENABLE_STRICT_OBJC_MSGSEND = YES;
				GCC_C_LANGUAGE_STANDARD = gnu11;
				GCC_NO_COMMON_BLOCKS = YES;
				GCC_WARN_64_TO_32_BIT_CONVERSION = YES;
				GCC_WARN_ABOUT_RETURN_TYPE = YES_ERROR;
				GCC_WARN_UNDECLARED_SELECTOR = YES;
				GCC_WARN_UNINITIALIZED_AUTOS = YES_AGGRESSIVE;
				GCC_WARN_UNUSED_FUNCTION = YES;
				GCC_WARN_UNUSED_VARIABLE = YES;
				IPHONEOS_DEPLOYMENT_TARGET = 15.0;
				MTL_ENABLE_DEBUG_INFO = NO;
				MTL_FAST_MATH = YES;
				SDKROOT = iphoneos;
				SWIFT_COMPILATION_MODE = wholemodule;
				SWIFT_OPTIMIZATION_LEVEL = "-O";
				VALIDATE_PRODUCT = YES;
			};
			name = Release;
		};
		6BC573C8277CBDDB00A2B28A /* Debug */ = {
			isa = XCBuildConfiguration;
			buildSettings = {
				ASSETCATALOG_COMPILER_APPICON_NAME = AppIcon;
				ASSETCATALOG_COMPILER_GLOBAL_ACCENT_COLOR_NAME = AccentColor;
				CODE_SIGN_STYLE = Automatic;
				CURRENT_PROJECT_VERSION = 1;
				DEVELOPMENT_ASSET_PATHS = "\"Ex_SwiftUI/Preview Content\"";
				DEVELOPMENT_TEAM = CNMQE42DQF;
				ENABLE_PREVIEWS = YES;
				GENERATE_INFOPLIST_FILE = YES;
				INFOPLIST_KEY_UIApplicationSceneManifest_Generation = YES;
				INFOPLIST_KEY_UIApplicationSupportsIndirectInputEvents = YES;
				INFOPLIST_KEY_UILaunchScreen_Generation = YES;
				INFOPLIST_KEY_UISupportedInterfaceOrientations_iPad = "UIInterfaceOrientationPortrait UIInterfaceOrientationPortraitUpsideDown UIInterfaceOrientationLandscapeLeft UIInterfaceOrientationLandscapeRight";
				INFOPLIST_KEY_UISupportedInterfaceOrientations_iPhone = "UIInterfaceOrientationPortrait UIInterfaceOrientationLandscapeLeft UIInterfaceOrientationLandscapeRight";
				LD_RUNPATH_SEARCH_PATHS = (
					"$(inherited)",
					"@executable_path/Frameworks",
				);
				MARKETING_VERSION = 1.0;
				PRODUCT_BUNDLE_IDENTIFIER = "com.jinshine.Ex-SwiftUI";
				PRODUCT_NAME = "$(TARGET_NAME)";
				SWIFT_EMIT_LOC_STRINGS = YES;
				SWIFT_VERSION = 5.0;
				TARGETED_DEVICE_FAMILY = "1,2";
			};
			name = Debug;
		};
		6BC573C9277CBDDB00A2B28A /* Release */ = {
			isa = XCBuildConfiguration;
			buildSettings = {
				ASSETCATALOG_COMPILER_APPICON_NAME = AppIcon;
				ASSETCATALOG_COMPILER_GLOBAL_ACCENT_COLOR_NAME = AccentColor;
				CODE_SIGN_STYLE = Automatic;
				CURRENT_PROJECT_VERSION = 1;
				DEVELOPMENT_ASSET_PATHS = "\"Ex_SwiftUI/Preview Content\"";
				DEVELOPMENT_TEAM = CNMQE42DQF;
				ENABLE_PREVIEWS = YES;
				GENERATE_INFOPLIST_FILE = YES;
				INFOPLIST_KEY_UIApplicationSceneManifest_Generation = YES;
				INFOPLIST_KEY_UIApplicationSupportsIndirectInputEvents = YES;
				INFOPLIST_KEY_UILaunchScreen_Generation = YES;
				INFOPLIST_KEY_UISupportedInterfaceOrientations_iPad = "UIInterfaceOrientationPortrait UIInterfaceOrientationPortraitUpsideDown UIInterfaceOrientationLandscapeLeft UIInterfaceOrientationLandscapeRight";
				INFOPLIST_KEY_UISupportedInterfaceOrientations_iPhone = "UIInterfaceOrientationPortrait UIInterfaceOrientationLandscapeLeft UIInterfaceOrientationLandscapeRight";
				LD_RUNPATH_SEARCH_PATHS = (
					"$(inherited)",
					"@executable_path/Frameworks",
				);
				MARKETING_VERSION = 1.0;
				PRODUCT_BUNDLE_IDENTIFIER = "com.jinshine.Ex-SwiftUI";
				PRODUCT_NAME = "$(TARGET_NAME)";
				SWIFT_EMIT_LOC_STRINGS = YES;
				SWIFT_VERSION = 5.0;
				TARGETED_DEVICE_FAMILY = "1,2";
			};
			name = Release;
		};
/* End XCBuildConfiguration section */

/* Begin XCConfigurationList section */
		6BC573B4277CBDD800A2B28A /* Build configuration list for PBXProject "Ex_SwiftUI" */ = {
			isa = XCConfigurationList;
			buildConfigurations = (
				6BC573C5277CBDDB00A2B28A /* Debug */,
				6BC573C6277CBDDB00A2B28A /* Release */,
			);
			defaultConfigurationIsVisible = 0;
			defaultConfigurationName = Release;
		};
		6BC573C7277CBDDB00A2B28A /* Build configuration list for PBXNativeTarget "Ex_SwiftUI" */ = {
			isa = XCConfigurationList;
			buildConfigurations = (
				6BC573C8277CBDDB00A2B28A /* Debug */,
				6BC573C9277CBDDB00A2B28A /* Release */,
			);
			defaultConfigurationIsVisible = 0;
			defaultConfigurationName = Release;
		};
/* End XCConfigurationList section */
	};
	rootObject = 6BC573B1277CBDD800A2B28A /* Project object */;
}
