// !$*UTF8*$!
{
	archiveVersion = 1;
	classes = {
	};
	objectVersion = 51;
	objects = {

/* Begin PBXBuildFile section */
		5C01E90E2345F0BB0051CA68 /* CoreDataManager.swift in Sources */ = {isa = PBXBuildFile; fileRef = 5C01E90D2345F0BB0051CA68 /* CoreDataManager.swift */; };
		5C01E9122345F37F0051CA68 /* UserInfomation+CoreDataClass.swift in Sources */ = {isa = PBXBuildFile; fileRef = 5C01E9102345F37F0051CA68 /* UserInfomation+CoreDataClass.swift */; };
		5C01E9132345F37F0051CA68 /* UserInfomation+CoreDataProperties.swift in Sources */ = {isa = PBXBuildFile; fileRef = 5C01E9112345F37F0051CA68 /* UserInfomation+CoreDataProperties.swift */; };
		5C01E9172345F61F0051CA68 /* CoreDataResponse.swift in Sources */ = {isa = PBXBuildFile; fileRef = 5C01E9162345F61F0051CA68 /* CoreDataResponse.swift */; };
		5C01E91B23464F790051CA68 /* UserInteractor.swift in Sources */ = {isa = PBXBuildFile; fileRef = 5C01E91A23464F790051CA68 /* UserInteractor.swift */; };
		5C01E91F23464FA70051CA68 /* UserUseCase.swift in Sources */ = {isa = PBXBuildFile; fileRef = 5C01E91E23464FA70051CA68 /* UserUseCase.swift */; };
		5C01E92223465C850051CA68 /* UserModel.swift in Sources */ = {isa = PBXBuildFile; fileRef = 5C01E92123465C850051CA68 /* UserModel.swift */; };
		5C01E9262347AF640051CA68 /* AddressSeachViewController.swift in Sources */ = {isa = PBXBuildFile; fileRef = 5C01E9252347AF640051CA68 /* AddressSeachViewController.swift */; };
		5C01E9282347AF700051CA68 /* AddressSearchViewModel.swift in Sources */ = {isa = PBXBuildFile; fileRef = 5C01E9272347AF700051CA68 /* AddressSearchViewModel.swift */; };
		5C01E92A2347B01C0051CA68 /* RegistryNavigator.swift in Sources */ = {isa = PBXBuildFile; fileRef = 5C01E9292347B01C0051CA68 /* RegistryNavigator.swift */; };
		5C01E92D234917A80051CA68 /* AddressCell.swift in Sources */ = {isa = PBXBuildFile; fileRef = 5C01E92B234917A80051CA68 /* AddressCell.swift */; };
		5C01E92E234917A80051CA68 /* AddressCell.xib in Resources */ = {isa = PBXBuildFile; fileRef = 5C01E92C234917A80051CA68 /* AddressCell.xib */; };
		5C01E930234920BD0051CA68 /* UIViewController+Rx.swift in Sources */ = {isa = PBXBuildFile; fileRef = 5C01E92F234920BD0051CA68 /* UIViewController+Rx.swift */; };
		5C01E934234928110051CA68 /* AddressCellViewModel.swift in Sources */ = {isa = PBXBuildFile; fileRef = 5C01E933234928110051CA68 /* AddressCellViewModel.swift */; };
		5C0C7B3623451493002E4B50 /* UINavigationController+Extension.swift in Sources */ = {isa = PBXBuildFile; fileRef = 5C0C7B3523451492002E4B50 /* UINavigationController+Extension.swift */; };
		5C0C7B3823452566002E4B50 /* Font.swift in Sources */ = {isa = PBXBuildFile; fileRef = 5C0C7B3723452566002E4B50 /* Font.swift */; };
		5C17C028234711A70097490E /* UIView+Extension.swift in Sources */ = {isa = PBXBuildFile; fileRef = 5C17C027234711A70097490E /* UIView+Extension.swift */; };
		5C17C02B2347230E0097490E /* SJTextField.swift in Sources */ = {isa = PBXBuildFile; fileRef = 5C17C02A2347230E0097490E /* SJTextField.swift */; };
		5C17C036234772820097490E /* String+Extension.swift in Sources */ = {isa = PBXBuildFile; fileRef = 5C17C035234772820097490E /* String+Extension.swift */; };
		5C17C038234772AE0097490E /* NetworkDataResponse.swift in Sources */ = {isa = PBXBuildFile; fileRef = 5C17C037234772AE0097490E /* NetworkDataResponse.swift */; };
		5C17C03A234772D20097490E /* NetworkError.swift in Sources */ = {isa = PBXBuildFile; fileRef = 5C17C039234772D20097490E /* NetworkError.swift */; };
		5C17C03C234772F30097490E /* NetworkErrorBuilder.swift in Sources */ = {isa = PBXBuildFile; fileRef = 5C17C03B234772F30097490E /* NetworkErrorBuilder.swift */; };
		5C17C03E234773340097490E /* NaverUseCase.swift in Sources */ = {isa = PBXBuildFile; fileRef = 5C17C03D234773340097490E /* NaverUseCase.swift */; };
		5C17C045234773D80097490E /* GeocodeModel.swift in Sources */ = {isa = PBXBuildFile; fileRef = 5C17C044234773D80097490E /* GeocodeModel.swift */; };
		5C253DCD234A347F009CDAA4 /* SelectMapViewController.swift in Sources */ = {isa = PBXBuildFile; fileRef = 5C253DCC234A347F009CDAA4 /* SelectMapViewController.swift */; };
		5C253DCF234A3488009CDAA4 /* SelectMapViewModel.swift in Sources */ = {isa = PBXBuildFile; fileRef = 5C253DCE234A3488009CDAA4 /* SelectMapViewModel.swift */; };
		5C253DD1234A3518009CDAA4 /* AddressSearchNavigator.swift in Sources */ = {isa = PBXBuildFile; fileRef = 5C253DD0234A3518009CDAA4 /* AddressSearchNavigator.swift */; };
		5C253DD4234A3D21009CDAA4 /* CALayer+Extension.swift in Sources */ = {isa = PBXBuildFile; fileRef = 5C253DD3234A3D21009CDAA4 /* CALayer+Extension.swift */; };
		5C57DB5A234CF396007686CB /* AddressSection.swift in Sources */ = {isa = PBXBuildFile; fileRef = 5C57DB59234CF396007686CB /* AddressSection.swift */; };
		5C66EA5F234F556C00A290CE /* GoogleRouter.swift in Sources */ = {isa = PBXBuildFile; fileRef = 5C66EA5E234F556C00A290CE /* GoogleRouter.swift */; };
		5C66EA63234F569500A290CE /* BindViewType.swift in Sources */ = {isa = PBXBuildFile; fileRef = 5C66EA62234F569500A290CE /* BindViewType.swift */; };
		5C66EA65234F5A4F00A290CE /* AppRouter.swift in Sources */ = {isa = PBXBuildFile; fileRef = 5C66EA64234F5A4F00A290CE /* AppRouter.swift */; };
		5C66EA67234F5ADF00A290CE /* AppNetworkService.swift in Sources */ = {isa = PBXBuildFile; fileRef = 5C66EA66234F5ADF00A290CE /* AppNetworkService.swift */; };
		5C66EA69234F5B2200A290CE /* GoogleNetworkService.swift in Sources */ = {isa = PBXBuildFile; fileRef = 5C66EA68234F5B2200A290CE /* GoogleNetworkService.swift */; };
		5C66EA6B234F5BE500A290CE /* GoogleUseCase.swift in Sources */ = {isa = PBXBuildFile; fileRef = 5C66EA6A234F5BE500A290CE /* GoogleUseCase.swift */; };
		5C66EA6D234F5C7500A290CE /* GoogleInteractor.swift in Sources */ = {isa = PBXBuildFile; fileRef = 5C66EA6C234F5C7500A290CE /* GoogleInteractor.swift */; };
		5C66EA72235014E800A290CE /* UserDefaultsManager.swift in Sources */ = {isa = PBXBuildFile; fileRef = 5C66EA71235014E800A290CE /* UserDefaultsManager.swift */; };
		5C66EA752350262600A290CE /* SessionModel.swift in Sources */ = {isa = PBXBuildFile; fileRef = 5C66EA742350262600A290CE /* SessionModel.swift */; };
		5C66EA7B23504D0B00A290CE /* Configuration.plist in Resources */ = {isa = PBXBuildFile; fileRef = 5C66EA7A23504D0B00A290CE /* Configuration.plist */; };
		5C66EA7D23504D1B00A290CE /* Configuration.swift in Sources */ = {isa = PBXBuildFile; fileRef = 5C66EA7C23504D1B00A290CE /* Configuration.swift */; };
		5C8764CA2342F19000201833 /* AppDelegate.swift in Sources */ = {isa = PBXBuildFile; fileRef = 5C8764C92342F19000201833 /* AppDelegate.swift */; };
		5C8764D42342F19000201833 /* GroupingApp.xcdatamodeld in Sources */ = {isa = PBXBuildFile; fileRef = 5C8764D22342F19000201833 /* GroupingApp.xcdatamodeld */; };
		5C8764EE2342F51B00201833 /* SplashViewController.swift in Sources */ = {isa = PBXBuildFile; fileRef = 5C8764ED2342F51B00201833 /* SplashViewController.swift */; };
		5C8764FB234310B600201833 /* HomeViewController.swift in Sources */ = {isa = PBXBuildFile; fileRef = 5C8764FA234310B600201833 /* HomeViewController.swift */; };
		5C8764FD2343112800201833 /* SplashNavigator.swift in Sources */ = {isa = PBXBuildFile; fileRef = 5C8764FC2343112800201833 /* SplashNavigator.swift */; };
		5C87650823432B1800201833 /* LaunchScreen.storyboard in Resources */ = {isa = PBXBuildFile; fileRef = 5C87650323432A3800201833 /* LaunchScreen.storyboard */; };
		5C87653023432E8500201833 /* SceneDelegate.swift in Sources */ = {isa = PBXBuildFile; fileRef = 5C8764CB2342F19000201833 /* SceneDelegate.swift */; };
		5C876532234346D200201833 /* Main.storyboard in Resources */ = {isa = PBXBuildFile; fileRef = 5C876531234346D200201833 /* Main.storyboard */; };
		5C8765342343530800201833 /* HomeViewModel.swift in Sources */ = {isa = PBXBuildFile; fileRef = 5C8765332343530800201833 /* HomeViewModel.swift */; };
		5C8765362343559F00201833 /* HomeNavigator.swift in Sources */ = {isa = PBXBuildFile; fileRef = 5C8765352343559F00201833 /* HomeNavigator.swift */; };
		5C8765372343579F00201833 /* Assets.xcassets in Resources */ = {isa = PBXBuildFile; fileRef = 5C87650723432A3800201833 /* Assets.xcassets */; };
		5C87653C23443D7E00201833 /* App.swift in Sources */ = {isa = PBXBuildFile; fileRef = 5C87653B23443D7E00201833 /* App.swift */; };
		5C87654223443FD900201833 /* UIColor+Extension.swift in Sources */ = {isa = PBXBuildFile; fileRef = 5C87654123443FD900201833 /* UIColor+Extension.swift */; };
		5C8765462344407200201833 /* Color.swift in Sources */ = {isa = PBXBuildFile; fileRef = 5C8765452344407200201833 /* Color.swift */; };
		5CB1245E2344E00900E61A49 /* RegistryViewController.swift in Sources */ = {isa = PBXBuildFile; fileRef = 5CB1245D2344E00900E61A49 /* RegistryViewController.swift */; };
		5CB124622344E03700E61A49 /* RegistryViewModel.swift in Sources */ = {isa = PBXBuildFile; fileRef = 5CB124612344E03700E61A49 /* RegistryViewModel.swift */; };
		5CB124652344E52A00E61A49 /* SearchViewController.swift in Sources */ = {isa = PBXBuildFile; fileRef = 5CB124642344E52A00E61A49 /* SearchViewController.swift */; };
		5CB124672344E53300E61A49 /* SearchViewModel.swift in Sources */ = {isa = PBXBuildFile; fileRef = 5CB124662344E53300E61A49 /* SearchViewModel.swift */; };
		5CBA444A2358795200A0A4B6 /* SJButton.swift in Sources */ = {isa = PBXBuildFile; fileRef = 5CBA44492358795200A0A4B6 /* SJButton.swift */; };
		5CBA444E235A29D100A0A4B6 /* SJSearchBar.swift in Sources */ = {isa = PBXBuildFile; fileRef = 5CBA444D235A29D100A0A4B6 /* SJSearchBar.swift */; };
		5CE6D2032345CFFA00E090A2 /* UIViewController+NavigationBar.swift in Sources */ = {isa = PBXBuildFile; fileRef = 5CE6D2022345CFFA00E090A2 /* UIViewController+NavigationBar.swift */; };
		5CE85FD3234E159D009A27FD /* BindViewModelType.swift in Sources */ = {isa = PBXBuildFile; fileRef = 5CE85FD1234E159D009A27FD /* BindViewModelType.swift */; };
		5CE85FD7234E15B0009A27FD /* BaseViewController.swift in Sources */ = {isa = PBXBuildFile; fileRef = 5CE85FD4234E15B0009A27FD /* BaseViewController.swift */; };
		5CE85FD8234E15B0009A27FD /* BaseNavigationController.swift in Sources */ = {isa = PBXBuildFile; fileRef = 5CE85FD5234E15B0009A27FD /* BaseNavigationController.swift */; };
		5CE85FD9234E15B0009A27FD /* BaseTabBarController.swift in Sources */ = {isa = PBXBuildFile; fileRef = 5CE85FD6234E15B0009A27FD /* BaseTabBarController.swift */; };
		5CE85FDD234E1655009A27FD /* Logger.swift in Sources */ = {isa = PBXBuildFile; fileRef = 5CE85FDC234E1655009A27FD /* Logger.swift */; };
		5CE85FE123575F78009A27FD /* LocationManager.swift in Sources */ = {isa = PBXBuildFile; fileRef = 5CE85FE023575F78009A27FD /* LocationManager.swift */; };
		5CE85FE32357644F009A27FD /* LocationUseCase.swift in Sources */ = {isa = PBXBuildFile; fileRef = 5CE85FE22357644F009A27FD /* LocationUseCase.swift */; };
		5CE85FE5235764B8009A27FD /* LocationInteractor.swift in Sources */ = {isa = PBXBuildFile; fileRef = 5CE85FE4235764B8009A27FD /* LocationInteractor.swift */; };
		B6A36A733CE89D0E7D3AB033 /* Pods_GroupingApp.framework in Frameworks */ = {isa = PBXBuildFile; fileRef = 8A779397F6095BB719DE4D7B /* Pods_GroupingApp.framework */; };
/* End PBXBuildFile section */

/* Begin PBXFileReference section */
		5C01E90D2345F0BB0051CA68 /* CoreDataManager.swift */ = {isa = PBXFileReference; lastKnownFileType = sourcecode.swift; path = CoreDataManager.swift; sourceTree = "<group>"; };
		5C01E9102345F37F0051CA68 /* UserInfomation+CoreDataClass.swift */ = {isa = PBXFileReference; lastKnownFileType = sourcecode.swift; path = "UserInfomation+CoreDataClass.swift"; sourceTree = SOURCE_ROOT; };
		5C01E9112345F37F0051CA68 /* UserInfomation+CoreDataProperties.swift */ = {isa = PBXFileReference; lastKnownFileType = sourcecode.swift; path = "UserInfomation+CoreDataProperties.swift"; sourceTree = SOURCE_ROOT; };
		5C01E9162345F61F0051CA68 /* CoreDataResponse.swift */ = {isa = PBXFileReference; lastKnownFileType = sourcecode.swift; path = CoreDataResponse.swift; sourceTree = "<group>"; };
		5C01E91A23464F790051CA68 /* UserInteractor.swift */ = {isa = PBXFileReference; lastKnownFileType = sourcecode.swift; path = UserInteractor.swift; sourceTree = "<group>"; };
		5C01E91E23464FA70051CA68 /* UserUseCase.swift */ = {isa = PBXFileReference; lastKnownFileType = sourcecode.swift; path = UserUseCase.swift; sourceTree = "<group>"; };
		5C01E92123465C850051CA68 /* UserModel.swift */ = {isa = PBXFileReference; lastKnownFileType = sourcecode.swift; path = UserModel.swift; sourceTree = "<group>"; };
		5C01E9252347AF640051CA68 /* AddressSeachViewController.swift */ = {isa = PBXFileReference; lastKnownFileType = sourcecode.swift; path = AddressSeachViewController.swift; sourceTree = "<group>"; };
		5C01E9272347AF700051CA68 /* AddressSearchViewModel.swift */ = {isa = PBXFileReference; lastKnownFileType = sourcecode.swift; path = AddressSearchViewModel.swift; sourceTree = "<group>"; };
		5C01E9292347B01C0051CA68 /* RegistryNavigator.swift */ = {isa = PBXFileReference; lastKnownFileType = sourcecode.swift; path = RegistryNavigator.swift; sourceTree = "<group>"; };
		5C01E92B234917A80051CA68 /* AddressCell.swift */ = {isa = PBXFileReference; lastKnownFileType = sourcecode.swift; path = AddressCell.swift; sourceTree = "<group>"; };
		5C01E92C234917A80051CA68 /* AddressCell.xib */ = {isa = PBXFileReference; lastKnownFileType = file.xib; path = AddressCell.xib; sourceTree = "<group>"; };
		5C01E92F234920BD0051CA68 /* UIViewController+Rx.swift */ = {isa = PBXFileReference; lastKnownFileType = sourcecode.swift; path = "UIViewController+Rx.swift"; sourceTree = "<group>"; };
		5C01E933234928110051CA68 /* AddressCellViewModel.swift */ = {isa = PBXFileReference; lastKnownFileType = sourcecode.swift; path = AddressCellViewModel.swift; sourceTree = "<group>"; };
		5C0C7B3523451492002E4B50 /* UINavigationController+Extension.swift */ = {isa = PBXFileReference; lastKnownFileType = sourcecode.swift; path = "UINavigationController+Extension.swift"; sourceTree = "<group>"; };
		5C0C7B3723452566002E4B50 /* Font.swift */ = {isa = PBXFileReference; lastKnownFileType = sourcecode.swift; path = Font.swift; sourceTree = "<group>"; };
		5C17C027234711A70097490E /* UIView+Extension.swift */ = {isa = PBXFileReference; lastKnownFileType = sourcecode.swift; path = "UIView+Extension.swift"; sourceTree = "<group>"; };
		5C17C02A2347230E0097490E /* SJTextField.swift */ = {isa = PBXFileReference; lastKnownFileType = sourcecode.swift; path = SJTextField.swift; sourceTree = "<group>"; };
		5C17C035234772820097490E /* String+Extension.swift */ = {isa = PBXFileReference; lastKnownFileType = sourcecode.swift; path = "String+Extension.swift"; sourceTree = "<group>"; };
		5C17C037234772AE0097490E /* NetworkDataResponse.swift */ = {isa = PBXFileReference; lastKnownFileType = sourcecode.swift; path = NetworkDataResponse.swift; sourceTree = "<group>"; };
		5C17C039234772D20097490E /* NetworkError.swift */ = {isa = PBXFileReference; lastKnownFileType = sourcecode.swift; path = NetworkError.swift; sourceTree = "<group>"; };
		5C17C03B234772F30097490E /* NetworkErrorBuilder.swift */ = {isa = PBXFileReference; lastKnownFileType = sourcecode.swift; path = NetworkErrorBuilder.swift; sourceTree = "<group>"; };
		5C17C03D234773340097490E /* NaverUseCase.swift */ = {isa = PBXFileReference; lastKnownFileType = sourcecode.swift; path = NaverUseCase.swift; sourceTree = "<group>"; };
		5C17C044234773D80097490E /* GeocodeModel.swift */ = {isa = PBXFileReference; lastKnownFileType = sourcecode.swift; path = GeocodeModel.swift; sourceTree = "<group>"; };
		5C253DCC234A347F009CDAA4 /* SelectMapViewController.swift */ = {isa = PBXFileReference; lastKnownFileType = sourcecode.swift; path = SelectMapViewController.swift; sourceTree = "<group>"; };
		5C253DCE234A3488009CDAA4 /* SelectMapViewModel.swift */ = {isa = PBXFileReference; lastKnownFileType = sourcecode.swift; path = SelectMapViewModel.swift; sourceTree = "<group>"; };
		5C253DD0234A3518009CDAA4 /* AddressSearchNavigator.swift */ = {isa = PBXFileReference; lastKnownFileType = sourcecode.swift; path = AddressSearchNavigator.swift; sourceTree = "<group>"; };
		5C253DD3234A3D21009CDAA4 /* CALayer+Extension.swift */ = {isa = PBXFileReference; lastKnownFileType = sourcecode.swift; path = "CALayer+Extension.swift"; sourceTree = "<group>"; };
		5C57DB59234CF396007686CB /* AddressSection.swift */ = {isa = PBXFileReference; lastKnownFileType = sourcecode.swift; path = AddressSection.swift; sourceTree = "<group>"; };
		5C66EA5E234F556C00A290CE /* GoogleRouter.swift */ = {isa = PBXFileReference; lastKnownFileType = sourcecode.swift; path = GoogleRouter.swift; sourceTree = "<group>"; };
		5C66EA62234F569500A290CE /* BindViewType.swift */ = {isa = PBXFileReference; lastKnownFileType = sourcecode.swift; path = BindViewType.swift; sourceTree = "<group>"; };
		5C66EA64234F5A4F00A290CE /* AppRouter.swift */ = {isa = PBXFileReference; lastKnownFileType = sourcecode.swift; path = AppRouter.swift; sourceTree = "<group>"; };
		5C66EA66234F5ADF00A290CE /* AppNetworkService.swift */ = {isa = PBXFileReference; lastKnownFileType = sourcecode.swift; path = AppNetworkService.swift; sourceTree = "<group>"; };
		5C66EA68234F5B2200A290CE /* GoogleNetworkService.swift */ = {isa = PBXFileReference; lastKnownFileType = sourcecode.swift; path = GoogleNetworkService.swift; sourceTree = "<group>"; };
		5C66EA6A234F5BE500A290CE /* GoogleUseCase.swift */ = {isa = PBXFileReference; lastKnownFileType = sourcecode.swift; path = GoogleUseCase.swift; sourceTree = "<group>"; };
		5C66EA6C234F5C7500A290CE /* GoogleInteractor.swift */ = {isa = PBXFileReference; lastKnownFileType = sourcecode.swift; path = GoogleInteractor.swift; sourceTree = "<group>"; };
		5C66EA71235014E800A290CE /* UserDefaultsManager.swift */ = {isa = PBXFileReference; lastKnownFileType = sourcecode.swift; path = UserDefaultsManager.swift; sourceTree = "<group>"; };
		5C66EA742350262600A290CE /* SessionModel.swift */ = {isa = PBXFileReference; lastKnownFileType = sourcecode.swift; path = SessionModel.swift; sourceTree = "<group>"; };
		5C66EA7A23504D0B00A290CE /* Configuration.plist */ = {isa = PBXFileReference; lastKnownFileType = text.plist.xml; path = Configuration.plist; sourceTree = "<group>"; };
		5C66EA7C23504D1B00A290CE /* Configuration.swift */ = {isa = PBXFileReference; lastKnownFileType = sourcecode.swift; path = Configuration.swift; sourceTree = "<group>"; };
		5C8764C62342F19000201833 /* GroupingApp.app */ = {isa = PBXFileReference; explicitFileType = wrapper.application; includeInIndex = 0; path = GroupingApp.app; sourceTree = BUILT_PRODUCTS_DIR; };
		5C8764C92342F19000201833 /* AppDelegate.swift */ = {isa = PBXFileReference; lastKnownFileType = sourcecode.swift; path = AppDelegate.swift; sourceTree = "<group>"; };
		5C8764CB2342F19000201833 /* SceneDelegate.swift */ = {isa = PBXFileReference; lastKnownFileType = sourcecode.swift; path = SceneDelegate.swift; sourceTree = "<group>"; };
		5C8764D32342F19000201833 /* GroupingApp.xcdatamodel */ = {isa = PBXFileReference; lastKnownFileType = wrapper.xcdatamodel; path = GroupingApp.xcdatamodel; sourceTree = "<group>"; };
		5C8764ED2342F51B00201833 /* SplashViewController.swift */ = {isa = PBXFileReference; lastKnownFileType = sourcecode.swift; path = SplashViewController.swift; sourceTree = "<group>"; };
		5C8764FA234310B600201833 /* HomeViewController.swift */ = {isa = PBXFileReference; lastKnownFileType = sourcecode.swift; path = HomeViewController.swift; sourceTree = "<group>"; };
		5C8764FC2343112800201833 /* SplashNavigator.swift */ = {isa = PBXFileReference; lastKnownFileType = sourcecode.swift; path = SplashNavigator.swift; sourceTree = "<group>"; };
		5C87650423432A3800201833 /* Base */ = {isa = PBXFileReference; lastKnownFileType = file.storyboard; name = Base; path = Base.lproj/LaunchScreen.storyboard; sourceTree = "<group>"; };
		5C87650523432A3800201833 /* Info.plist */ = {isa = PBXFileReference; lastKnownFileType = text.plist.xml; name = Info.plist; path = ../Info.plist; sourceTree = "<group>"; };
		5C87650723432A3800201833 /* Assets.xcassets */ = {isa = PBXFileReference; lastKnownFileType = folder.assetcatalog; path = Assets.xcassets; sourceTree = "<group>"; };
		5C876531234346D200201833 /* Main.storyboard */ = {isa = PBXFileReference; lastKnownFileType = file.storyboard; path = Main.storyboard; sourceTree = "<group>"; };
		5C8765332343530800201833 /* HomeViewModel.swift */ = {isa = PBXFileReference; lastKnownFileType = sourcecode.swift; path = HomeViewModel.swift; sourceTree = "<group>"; };
		5C8765352343559F00201833 /* HomeNavigator.swift */ = {isa = PBXFileReference; lastKnownFileType = sourcecode.swift; path = HomeNavigator.swift; sourceTree = "<group>"; };
		5C87653B23443D7E00201833 /* App.swift */ = {isa = PBXFileReference; lastKnownFileType = sourcecode.swift; path = App.swift; sourceTree = "<group>"; };
		5C87654123443FD900201833 /* UIColor+Extension.swift */ = {isa = PBXFileReference; lastKnownFileType = sourcecode.swift; path = "UIColor+Extension.swift"; sourceTree = "<group>"; };
		5C8765452344407200201833 /* Color.swift */ = {isa = PBXFileReference; lastKnownFileType = sourcecode.swift; path = Color.swift; sourceTree = "<group>"; };
		5CB1245D2344E00900E61A49 /* RegistryViewController.swift */ = {isa = PBXFileReference; lastKnownFileType = sourcecode.swift; path = RegistryViewController.swift; sourceTree = "<group>"; };
		5CB124612344E03700E61A49 /* RegistryViewModel.swift */ = {isa = PBXFileReference; lastKnownFileType = sourcecode.swift; path = RegistryViewModel.swift; sourceTree = "<group>"; };
		5CB124642344E52A00E61A49 /* SearchViewController.swift */ = {isa = PBXFileReference; lastKnownFileType = sourcecode.swift; path = SearchViewController.swift; sourceTree = "<group>"; };
		5CB124662344E53300E61A49 /* SearchViewModel.swift */ = {isa = PBXFileReference; lastKnownFileType = sourcecode.swift; path = SearchViewModel.swift; sourceTree = "<group>"; };
		5CBA44492358795200A0A4B6 /* SJButton.swift */ = {isa = PBXFileReference; lastKnownFileType = sourcecode.swift; path = SJButton.swift; sourceTree = "<group>"; };
		5CBA444D235A29D100A0A4B6 /* SJSearchBar.swift */ = {isa = PBXFileReference; lastKnownFileType = sourcecode.swift; path = SJSearchBar.swift; sourceTree = "<group>"; };
		5CE6D2022345CFFA00E090A2 /* UIViewController+NavigationBar.swift */ = {isa = PBXFileReference; lastKnownFileType = sourcecode.swift; path = "UIViewController+NavigationBar.swift"; sourceTree = "<group>"; };
		5CE85FD1234E159D009A27FD /* BindViewModelType.swift */ = {isa = PBXFileReference; fileEncoding = 4; lastKnownFileType = sourcecode.swift; name = BindViewModelType.swift; path = GroupingApp/Common/RxBase/BindViewModelType.swift; sourceTree = SOURCE_ROOT; };
		5CE85FD4234E15B0009A27FD /* BaseViewController.swift */ = {isa = PBXFileReference; fileEncoding = 4; lastKnownFileType = sourcecode.swift; name = BaseViewController.swift; path = GroupingApp/Common/BaseViewController.swift; sourceTree = SOURCE_ROOT; };
		5CE85FD5234E15B0009A27FD /* BaseNavigationController.swift */ = {isa = PBXFileReference; fileEncoding = 4; lastKnownFileType = sourcecode.swift; name = BaseNavigationController.swift; path = GroupingApp/Common/BaseNavigationController.swift; sourceTree = SOURCE_ROOT; };
		5CE85FD6234E15B0009A27FD /* BaseTabBarController.swift */ = {isa = PBXFileReference; fileEncoding = 4; lastKnownFileType = sourcecode.swift; name = BaseTabBarController.swift; path = GroupingApp/Common/BaseTabBarController.swift; sourceTree = SOURCE_ROOT; };
		5CE85FDC234E1655009A27FD /* Logger.swift */ = {isa = PBXFileReference; lastKnownFileType = sourcecode.swift; path = Logger.swift; sourceTree = "<group>"; };
		5CE85FE023575F78009A27FD /* LocationManager.swift */ = {isa = PBXFileReference; lastKnownFileType = sourcecode.swift; path = LocationManager.swift; sourceTree = "<group>"; };
		5CE85FE22357644F009A27FD /* LocationUseCase.swift */ = {isa = PBXFileReference; lastKnownFileType = sourcecode.swift; path = LocationUseCase.swift; sourceTree = "<group>"; };
		5CE85FE4235764B8009A27FD /* LocationInteractor.swift */ = {isa = PBXFileReference; lastKnownFileType = sourcecode.swift; path = LocationInteractor.swift; sourceTree = "<group>"; };
		6EF01C972792DDD61480E721 /* Pods-GroupingApp.release.xcconfig */ = {isa = PBXFileReference; includeInIndex = 1; lastKnownFileType = text.xcconfig; name = "Pods-GroupingApp.release.xcconfig"; path = "Target Support Files/Pods-GroupingApp/Pods-GroupingApp.release.xcconfig"; sourceTree = "<group>"; };
		8A779397F6095BB719DE4D7B /* Pods_GroupingApp.framework */ = {isa = PBXFileReference; explicitFileType = wrapper.framework; includeInIndex = 0; path = Pods_GroupingApp.framework; sourceTree = BUILT_PRODUCTS_DIR; };
		EE55CE162F5FF925DECC3D35 /* Pods-GroupingApp.debug.xcconfig */ = {isa = PBXFileReference; includeInIndex = 1; lastKnownFileType = text.xcconfig; name = "Pods-GroupingApp.debug.xcconfig"; path = "Target Support Files/Pods-GroupingApp/Pods-GroupingApp.debug.xcconfig"; sourceTree = "<group>"; };
/* End PBXFileReference section */

/* Begin PBXFrameworksBuildPhase section */
		5C8764C32342F19000201833 /* Frameworks */ = {
			isa = PBXFrameworksBuildPhase;
			buildActionMask = 2147483647;
			files = (
				B6A36A733CE89D0E7D3AB033 /* Pods_GroupingApp.framework in Frameworks */,
			);
			runOnlyForDeploymentPostprocessing = 0;
		};
/* End PBXFrameworksBuildPhase section */

/* Begin PBXGroup section */
		2070D5F548A2D2CEFC97B73B /* Frameworks */ = {
			isa = PBXGroup;
			children = (
				8A779397F6095BB719DE4D7B /* Pods_GroupingApp.framework */,
			);
			name = Frameworks;
			sourceTree = "<group>";
		};
		5C01E90C2345F0AA0051CA68 /* CoreData */ = {
			isa = PBXGroup;
			children = (
				5C17C040234773900097490E /* Service */,
				5C01E90F2345F30B0051CA68 /* Entities */,
				5C01E91A23464F790051CA68 /* UserInteractor.swift */,
			);
			path = CoreData;
			sourceTree = "<group>";
		};
		5C01E90F2345F30B0051CA68 /* Entities */ = {
			isa = PBXGroup;
			children = (
				5C01E9102345F37F0051CA68 /* UserInfomation+CoreDataClass.swift */,
				5C01E9112345F37F0051CA68 /* UserInfomation+CoreDataProperties.swift */,
			);
			path = Entities;
			sourceTree = "<group>";
		};
		5C01E91923464E910051CA68 /* Network */ = {
			isa = PBXGroup;
			children = (
				5C17C03F234773700097490E /* Service */,
				5C17C030234771320097490E /* Router */,
				5C66EA6C234F5C7500A290CE /* GoogleInteractor.swift */,
				5CE85FE4235764B8009A27FD /* LocationInteractor.swift */,
			);
			path = Network;
			sourceTree = "<group>";
		};
		5C01E91D23464F990051CA68 /* UseCase */ = {
			isa = PBXGroup;
			children = (
				5C01E91E23464FA70051CA68 /* UserUseCase.swift */,
				5C17C03D234773340097490E /* NaverUseCase.swift */,
				5C66EA6A234F5BE500A290CE /* GoogleUseCase.swift */,
				5CE85FE22357644F009A27FD /* LocationUseCase.swift */,
			);
			path = UseCase;
			sourceTree = "<group>";
		};
		5C01E92023465C1E0051CA68 /* Entities */ = {
			isa = PBXGroup;
			children = (
				5C66EA732350260A00A290CE /* Session */,
				5C01E92123465C850051CA68 /* UserModel.swift */,
				5C17C044234773D80097490E /* GeocodeModel.swift */,
			);
			path = Entities;
			sourceTree = "<group>";
		};
		5C01E9242347AF270051CA68 /* AddressSearch */ = {
			isa = PBXGroup;
			children = (
				5C253DD2234A35C6009CDAA4 /* AddressSearchCell */,
				5C253DD0234A3518009CDAA4 /* AddressSearchNavigator.swift */,
				5C01E9252347AF640051CA68 /* AddressSeachViewController.swift */,
				5C01E9272347AF700051CA68 /* AddressSearchViewModel.swift */,
			);
			path = AddressSearch;
			sourceTree = "<group>";
		};
		5C17C030234771320097490E /* Router */ = {
			isa = PBXGroup;
			children = (
				5C66EA64234F5A4F00A290CE /* AppRouter.swift */,
				5C66EA5E234F556C00A290CE /* GoogleRouter.swift */,
			);
			path = Router;
			sourceTree = "<group>";
		};
		5C17C03F234773700097490E /* Service */ = {
			isa = PBXGroup;
			children = (
				5C66EA66234F5ADF00A290CE /* AppNetworkService.swift */,
				5C17C037234772AE0097490E /* NetworkDataResponse.swift */,
				5C17C039234772D20097490E /* NetworkError.swift */,
				5C17C03B234772F30097490E /* NetworkErrorBuilder.swift */,
				5C66EA68234F5B2200A290CE /* GoogleNetworkService.swift */,
			);
			path = Service;
			sourceTree = "<group>";
		};
		5C17C040234773900097490E /* Service */ = {
			isa = PBXGroup;
			children = (
				5C01E9162345F61F0051CA68 /* CoreDataResponse.swift */,
				5C01E90D2345F0BB0051CA68 /* CoreDataManager.swift */,
			);
			path = Service;
			sourceTree = "<group>";
		};
		5C253DCB234A3435009CDAA4 /* SelectMap */ = {
			isa = PBXGroup;
			children = (
				5C253DCC234A347F009CDAA4 /* SelectMapViewController.swift */,
				5C253DCE234A3488009CDAA4 /* SelectMapViewModel.swift */,
			);
			path = SelectMap;
			sourceTree = "<group>";
		};
		5C253DD2234A35C6009CDAA4 /* AddressSearchCell */ = {
			isa = PBXGroup;
			children = (
				5C01E92C234917A80051CA68 /* AddressCell.xib */,
				5C01E92B234917A80051CA68 /* AddressCell.swift */,
				5C01E933234928110051CA68 /* AddressCellViewModel.swift */,
				5C57DB59234CF396007686CB /* AddressSection.swift */,
			);
			path = AddressSearchCell;
			sourceTree = "<group>";
		};
		5C66EA732350260A00A290CE /* Session */ = {
			isa = PBXGroup;
			children = (
				5C66EA742350262600A290CE /* SessionModel.swift */,
			);
			path = Session;
			sourceTree = "<group>";
		};
		5C66EA7623504C6E00A290CE /* Configurtions */ = {
			isa = PBXGroup;
			children = (
				5C66EA7C23504D1B00A290CE /* Configuration.swift */,
				5C66EA7A23504D0B00A290CE /* Configuration.plist */,
			);
			path = Configurtions;
			sourceTree = "<group>";
		};
		5C66EA7723504C8B00A290CE /* CoreDataModel */ = {
			isa = PBXGroup;
			children = (
				5C8764D22342F19000201833 /* GroupingApp.xcdatamodeld */,
			);
			path = CoreDataModel;
			sourceTree = "<group>";
		};
		5C8764BD2342F19000201833 = {
			isa = PBXGroup;
			children = (
				5C8764C82342F19000201833 /* GroupingApp */,
				5C8764C72342F19000201833 /* Products */,
				A6CA7D407CE00D3B88BBB560 /* Pods */,
				2070D5F548A2D2CEFC97B73B /* Frameworks */,
			);
			sourceTree = "<group>";
		};
		5C8764C72342F19000201833 /* Products */ = {
			isa = PBXGroup;
			children = (
				5C8764C62342F19000201833 /* GroupingApp.app */,
			);
			name = Products;
			sourceTree = "<group>";
		};
		5C8764C82342F19000201833 /* GroupingApp */ = {
			isa = PBXGroup;
			children = (
				5C8764C92342F19000201833 /* AppDelegate.swift */,
				5C8764CB2342F19000201833 /* SceneDelegate.swift */,
				5C8764E02342F37C00201833 /* Core */,
				5C8764E12342F38800201833 /* Presentation */,
				5C8764E22342F3AA00201833 /* Domain */,
				5C8764E32342F3AF00201833 /* Data */,
				5CE85FCE234E1579009A27FD /* Common */,
				5C87653A23443D2200201833 /* Utility */,
				5C8764E42342F3C300201833 /* Resources */,
			);
			path = GroupingApp;
			sourceTree = "<group>";
		};
		5C8764E02342F37C00201833 /* Core */ = {
			isa = PBXGroup;
			children = (
				5C87653B23443D7E00201833 /* App.swift */,
				5CE85FDF23575F6B009A27FD /* Location */,
				5C66EA7723504C8B00A290CE /* CoreDataModel */,
				5C66EA7623504C6E00A290CE /* Configurtions */,
			);
			path = Core;
			sourceTree = "<group>";
		};
		5C8764E12342F38800201833 /* Presentation */ = {
			isa = PBXGroup;
			children = (
				5C8764F92343105F00201833 /* Scenes */,
			);
			path = Presentation;
			sourceTree = "<group>";
		};
		5C8764E22342F3AA00201833 /* Domain */ = {
			isa = PBXGroup;
			children = (
				5C01E91923464E910051CA68 /* Network */,
				5C01E90C2345F0AA0051CA68 /* CoreData */,
			);
			path = Domain;
			sourceTree = "<group>";
		};
		5C8764E32342F3AF00201833 /* Data */ = {
			isa = PBXGroup;
			children = (
				5C01E92023465C1E0051CA68 /* Entities */,
				5C01E91D23464F990051CA68 /* UseCase */,
			);
			path = Data;
			sourceTree = "<group>";
		};
		5C8764E42342F3C300201833 /* Resources */ = {
			isa = PBXGroup;
			children = (
				5C87650723432A3800201833 /* Assets.xcassets */,
				5C87650323432A3800201833 /* LaunchScreen.storyboard */,
				5C87650523432A3800201833 /* Info.plist */,
				5C876531234346D200201833 /* Main.storyboard */,
			);
			path = Resources;
			sourceTree = "<group>";
		};
		5C8764EC2342F4FF00201833 /* Splash */ = {
			isa = PBXGroup;
			children = (
				5C8764ED2342F51B00201833 /* SplashViewController.swift */,
				5C8764FC2343112800201833 /* SplashNavigator.swift */,
			);
			path = Splash;
			sourceTree = "<group>";
		};
		5C8764F82343105400201833 /* Home */ = {
			isa = PBXGroup;
			children = (
				5C8764FA234310B600201833 /* HomeViewController.swift */,
				5C8765332343530800201833 /* HomeViewModel.swift */,
				5C8765352343559F00201833 /* HomeNavigator.swift */,
			);
			path = Home;
			sourceTree = "<group>";
		};
		5C8764F92343105F00201833 /* Scenes */ = {
			isa = PBXGroup;
			children = (
				5C8764EC2342F4FF00201833 /* Splash */,
				5C8764F82343105400201833 /* Home */,
				5CB1245F2344E00F00E61A49 /* Registry */,
				5CB124632344E51900E61A49 /* Search */,
			);
			path = Scenes;
			sourceTree = "<group>";
		};
		5C87653A23443D2200201833 /* Utility */ = {
			isa = PBXGroup;
			children = (
				5CE85FDB234E1648009A27FD /* Logging */,
				5C8765432344403F00201833 /* Theme */,
				5C87654023443EAA00201833 /* Extensions */,
				5C66EA71235014E800A290CE /* UserDefaultsManager.swift */,
			);
			path = Utility;
			sourceTree = "<group>";
		};
		5C87654023443EAA00201833 /* Extensions */ = {
			isa = PBXGroup;
			children = (
				5C87654123443FD900201833 /* UIColor+Extension.swift */,
				5C0C7B3523451492002E4B50 /* UINavigationController+Extension.swift */,
				5CE6D2022345CFFA00E090A2 /* UIViewController+NavigationBar.swift */,
				5C01E92F234920BD0051CA68 /* UIViewController+Rx.swift */,
				5C17C027234711A70097490E /* UIView+Extension.swift */,
				5C17C035234772820097490E /* String+Extension.swift */,
				5C253DD3234A3D21009CDAA4 /* CALayer+Extension.swift */,
			);
			path = Extensions;
			sourceTree = "<group>";
		};
		5C8765432344403F00201833 /* Theme */ = {
			isa = PBXGroup;
			children = (
				5C8765452344407200201833 /* Color.swift */,
				5C0C7B3723452566002E4B50 /* Font.swift */,
			);
			path = Theme;
			sourceTree = "<group>";
		};
		5CB1245F2344E00F00E61A49 /* Registry */ = {
			isa = PBXGroup;
			children = (
				5CB1245D2344E00900E61A49 /* RegistryViewController.swift */,
				5CB124612344E03700E61A49 /* RegistryViewModel.swift */,
				5C01E9292347B01C0051CA68 /* RegistryNavigator.swift */,
				5C01E9242347AF270051CA68 /* AddressSearch */,
				5C253DCB234A3435009CDAA4 /* SelectMap */,
			);
			path = Registry;
			sourceTree = "<group>";
		};
		5CB124632344E51900E61A49 /* Search */ = {
			isa = PBXGroup;
			children = (
				5CB124642344E52A00E61A49 /* SearchViewController.swift */,
				5CB124662344E53300E61A49 /* SearchViewModel.swift */,
			);
			path = Search;
			sourceTree = "<group>";
		};
		5CE85FCE234E1579009A27FD /* Common */ = {
			isa = PBXGroup;
			children = (
				5CE85FCF234E1592009A27FD /* RxBase */,
				5CE85FD5234E15B0009A27FD /* BaseNavigationController.swift */,
				5CE85FD6234E15B0009A27FD /* BaseTabBarController.swift */,
				5CE85FD4234E15B0009A27FD /* BaseViewController.swift */,
				5C17C02A2347230E0097490E /* SJTextField.swift */,
				5CBA44492358795200A0A4B6 /* SJButton.swift */,
				5CBA444D235A29D100A0A4B6 /* SJSearchBar.swift */,
			);
			path = Common;
			sourceTree = "<group>";
		};
		5CE85FCF234E1592009A27FD /* RxBase */ = {
			isa = PBXGroup;
			children = (
				5CE85FD1234E159D009A27FD /* BindViewModelType.swift */,
				5C66EA62234F569500A290CE /* BindViewType.swift */,
			);
			path = RxBase;
			sourceTree = "<group>";
		};
		5CE85FDB234E1648009A27FD /* Logging */ = {
			isa = PBXGroup;
			children = (
				5CE85FDC234E1655009A27FD /* Logger.swift */,
			);
			path = Logging;
			sourceTree = "<group>";
		};
		5CE85FDF23575F6B009A27FD /* Location */ = {
			isa = PBXGroup;
			children = (
				5CE85FE023575F78009A27FD /* LocationManager.swift */,
			);
			path = Location;
			sourceTree = "<group>";
		};
		A6CA7D407CE00D3B88BBB560 /* Pods */ = {
			isa = PBXGroup;
			children = (
				EE55CE162F5FF925DECC3D35 /* Pods-GroupingApp.debug.xcconfig */,
				6EF01C972792DDD61480E721 /* Pods-GroupingApp.release.xcconfig */,
			);
			path = Pods;
			sourceTree = "<group>";
		};
/* End PBXGroup section */

/* Begin PBXNativeTarget section */
		5C8764C52342F19000201833 /* GroupingApp */ = {
			isa = PBXNativeTarget;
			buildConfigurationList = 5C8764DD2342F19200201833 /* Build configuration list for PBXNativeTarget "GroupingApp" */;
			buildPhases = (
				A012EA2FBAEE7A1628B563C2 /* [CP] Check Pods Manifest.lock */,
				5C8764C22342F19000201833 /* Sources */,
				5C8764C32342F19000201833 /* Frameworks */,
				5C8764C42342F19000201833 /* Resources */,
				066D73088824C8FE6F6C529C /* [CP] Embed Pods Frameworks */,
				ADBF84998186196B2971BA25 /* [CP] Copy Pods Resources */,
			);
			buildRules = (
			);
			dependencies = (
			);
			name = GroupingApp;
			productName = GroupingApp;
			productReference = 5C8764C62342F19000201833 /* GroupingApp.app */;
			productType = "com.apple.product-type.application";
		};
/* End PBXNativeTarget section */

/* Begin PBXProject section */
		5C8764BE2342F19000201833 /* Project object */ = {
			isa = PBXProject;
			attributes = {
				LastSwiftUpdateCheck = 1100;
				LastUpgradeCheck = 1100;
				ORGANIZATIONNAME = Jinnify;
				TargetAttributes = {
					5C8764C52342F19000201833 = {
						CreatedOnToolsVersion = 11.0;
					};
				};
			};
			buildConfigurationList = 5C8764C12342F19000201833 /* Build configuration list for PBXProject "GroupingApp" */;
			compatibilityVersion = "Xcode 9.3";
			developmentRegion = en;
			hasScannedForEncodings = 0;
			knownRegions = (
				en,
				Base,
			);
			mainGroup = 5C8764BD2342F19000201833;
			productRefGroup = 5C8764C72342F19000201833 /* Products */;
			projectDirPath = "";
			projectRoot = "";
			targets = (
				5C8764C52342F19000201833 /* GroupingApp */,
			);
		};
/* End PBXProject section */

/* Begin PBXResourcesBuildPhase section */
		5C8764C42342F19000201833 /* Resources */ = {
			isa = PBXResourcesBuildPhase;
			buildActionMask = 2147483647;
			files = (
				5C87650823432B1800201833 /* LaunchScreen.storyboard in Resources */,
				5C66EA7B23504D0B00A290CE /* Configuration.plist in Resources */,
				5C8765372343579F00201833 /* Assets.xcassets in Resources */,
				5C01E92E234917A80051CA68 /* AddressCell.xib in Resources */,
				5C876532234346D200201833 /* Main.storyboard in Resources */,
			);
			runOnlyForDeploymentPostprocessing = 0;
		};
/* End PBXResourcesBuildPhase section */

/* Begin PBXShellScriptBuildPhase section */
		066D73088824C8FE6F6C529C /* [CP] Embed Pods Frameworks */ = {
			isa = PBXShellScriptBuildPhase;
			buildActionMask = 2147483647;
			files = (
			);
			inputFileListPaths = (
				"${PODS_ROOT}/Target Support Files/Pods-GroupingApp/Pods-GroupingApp-frameworks-${CONFIGURATION}-input-files.xcfilelist",
			);
			name = "[CP] Embed Pods Frameworks";
			outputFileListPaths = (
				"${PODS_ROOT}/Target Support Files/Pods-GroupingApp/Pods-GroupingApp-frameworks-${CONFIGURATION}-output-files.xcfilelist",
			);
			runOnlyForDeploymentPostprocessing = 0;
			shellPath = /bin/sh;
			shellScript = "\"${PODS_ROOT}/Target Support Files/Pods-GroupingApp/Pods-GroupingApp-frameworks.sh\"\n";
			showEnvVarsInLog = 0;
		};
		A012EA2FBAEE7A1628B563C2 /* [CP] Check Pods Manifest.lock */ = {
			isa = PBXShellScriptBuildPhase;
			buildActionMask = 2147483647;
			files = (
			);
			inputFileListPaths = (
			);
			inputPaths = (
				"${PODS_PODFILE_DIR_PATH}/Podfile.lock",
				"${PODS_ROOT}/Manifest.lock",
			);
			name = "[CP] Check Pods Manifest.lock";
			outputFileListPaths = (
			);
			outputPaths = (
				"$(DERIVED_FILE_DIR)/Pods-GroupingApp-checkManifestLockResult.txt",
			);
			runOnlyForDeploymentPostprocessing = 0;
			shellPath = /bin/sh;
			shellScript = "diff \"${PODS_PODFILE_DIR_PATH}/Podfile.lock\" \"${PODS_ROOT}/Manifest.lock\" > /dev/null\nif [ $? != 0 ] ; then\n    # print error to STDERR\n    echo \"error: The sandbox is not in sync with the Podfile.lock. Run 'pod install' or update your CocoaPods installation.\" >&2\n    exit 1\nfi\n# This output is used by Xcode 'outputs' to avoid re-running this script phase.\necho \"SUCCESS\" > \"${SCRIPT_OUTPUT_FILE_0}\"\n";
			showEnvVarsInLog = 0;
		};
		ADBF84998186196B2971BA25 /* [CP] Copy Pods Resources */ = {
			isa = PBXShellScriptBuildPhase;
			buildActionMask = 2147483647;
			files = (
			);
			inputFileListPaths = (
				"${PODS_ROOT}/Target Support Files/Pods-GroupingApp/Pods-GroupingApp-resources-${CONFIGURATION}-input-files.xcfilelist",
			);
			name = "[CP] Copy Pods Resources";
			outputFileListPaths = (
				"${PODS_ROOT}/Target Support Files/Pods-GroupingApp/Pods-GroupingApp-resources-${CONFIGURATION}-output-files.xcfilelist",
			);
			runOnlyForDeploymentPostprocessing = 0;
			shellPath = /bin/sh;
			shellScript = "\"${PODS_ROOT}/Target Support Files/Pods-GroupingApp/Pods-GroupingApp-resources.sh\"\n";
			showEnvVarsInLog = 0;
		};
/* End PBXShellScriptBuildPhase section */

/* Begin PBXSourcesBuildPhase section */
		5C8764C22342F19000201833 /* Sources */ = {
			isa = PBXSourcesBuildPhase;
			buildActionMask = 2147483647;
			files = (
				5C17C03E234773340097490E /* NaverUseCase.swift in Sources */,
				5C01E92D234917A80051CA68 /* AddressCell.swift in Sources */,
				5C57DB5A234CF396007686CB /* AddressSection.swift in Sources */,
				5C8765342343530800201833 /* HomeViewModel.swift in Sources */,
				5C253DCD234A347F009CDAA4 /* SelectMapViewController.swift in Sources */,
				5C66EA72235014E800A290CE /* UserDefaultsManager.swift in Sources */,
				5C01E930234920BD0051CA68 /* UIViewController+Rx.swift in Sources */,
				5CB124652344E52A00E61A49 /* SearchViewController.swift in Sources */,
				5C17C03C234772F30097490E /* NetworkErrorBuilder.swift in Sources */,
				5CE6D2032345CFFA00E090A2 /* UIViewController+NavigationBar.swift in Sources */,
				5CB124672344E53300E61A49 /* SearchViewModel.swift in Sources */,
				5C253DCF234A3488009CDAA4 /* SelectMapViewModel.swift in Sources */,
				5C01E9282347AF700051CA68 /* AddressSearchViewModel.swift in Sources */,
				5C66EA6B234F5BE500A290CE /* GoogleUseCase.swift in Sources */,
				5C66EA752350262600A290CE /* SessionModel.swift in Sources */,
				5C01E9262347AF640051CA68 /* AddressSeachViewController.swift in Sources */,
				5C66EA69234F5B2200A290CE /* GoogleNetworkService.swift in Sources */,
				5C17C036234772820097490E /* String+Extension.swift in Sources */,
				5CE85FD8234E15B0009A27FD /* BaseNavigationController.swift in Sources */,
				5C66EA5F234F556C00A290CE /* GoogleRouter.swift in Sources */,
				5C01E9132345F37F0051CA68 /* UserInfomation+CoreDataProperties.swift in Sources */,
				5CE85FD3234E159D009A27FD /* BindViewModelType.swift in Sources */,
				5CE85FDD234E1655009A27FD /* Logger.swift in Sources */,
				5C8765462344407200201833 /* Color.swift in Sources */,
				5C66EA63234F569500A290CE /* BindViewType.swift in Sources */,
				5C87653C23443D7E00201833 /* App.swift in Sources */,
				5C01E9122345F37F0051CA68 /* UserInfomation+CoreDataClass.swift in Sources */,
				5CBA444A2358795200A0A4B6 /* SJButton.swift in Sources */,
				5CB124622344E03700E61A49 /* RegistryViewModel.swift in Sources */,
				5C8764FD2343112800201833 /* SplashNavigator.swift in Sources */,
				5C253DD1234A3518009CDAA4 /* AddressSearchNavigator.swift in Sources */,
				5C17C03A234772D20097490E /* NetworkError.swift in Sources */,
				5C01E91B23464F790051CA68 /* UserInteractor.swift in Sources */,
				5CE85FE123575F78009A27FD /* LocationManager.swift in Sources */,
				5C0C7B3623451493002E4B50 /* UINavigationController+Extension.swift in Sources */,
				5CE85FE32357644F009A27FD /* LocationUseCase.swift in Sources */,
				5C17C045234773D80097490E /* GeocodeModel.swift in Sources */,
				5C66EA6D234F5C7500A290CE /* GoogleInteractor.swift in Sources */,
				5C0C7B3823452566002E4B50 /* Font.swift in Sources */,
				5C66EA7D23504D1B00A290CE /* Configuration.swift in Sources */,
				5C87654223443FD900201833 /* UIColor+Extension.swift in Sources */,
				5C66EA65234F5A4F00A290CE /* AppRouter.swift in Sources */,
				5C17C02B2347230E0097490E /* SJTextField.swift in Sources */,
				5C8764D42342F19000201833 /* GroupingApp.xcdatamodeld in Sources */,
				5CE85FE5235764B8009A27FD /* LocationInteractor.swift in Sources */,
				5C01E934234928110051CA68 /* AddressCellViewModel.swift in Sources */,
				5C8764FB234310B600201833 /* HomeViewController.swift in Sources */,
				5C87653023432E8500201833 /* SceneDelegate.swift in Sources */,
				5CE85FD9234E15B0009A27FD /* BaseTabBarController.swift in Sources */,
				5C01E90E2345F0BB0051CA68 /* CoreDataManager.swift in Sources */,
				5C8764CA2342F19000201833 /* AppDelegate.swift in Sources */,
				5C17C038234772AE0097490E /* NetworkDataResponse.swift in Sources */,
				5CBA444E235A29D100A0A4B6 /* SJSearchBar.swift in Sources */,
				5C01E92A2347B01C0051CA68 /* RegistryNavigator.swift in Sources */,
				5CB1245E2344E00900E61A49 /* RegistryViewController.swift in Sources */,
				5C253DD4234A3D21009CDAA4 /* CALayer+Extension.swift in Sources */,
				5C8765362343559F00201833 /* HomeNavigator.swift in Sources */,
				5C17C028234711A70097490E /* UIView+Extension.swift in Sources */,
				5CE85FD7234E15B0009A27FD /* BaseViewController.swift in Sources */,
				5C01E91F23464FA70051CA68 /* UserUseCase.swift in Sources */,
				5C8764EE2342F51B00201833 /* SplashViewController.swift in Sources */,
				5C01E92223465C850051CA68 /* UserModel.swift in Sources */,
				5C01E9172345F61F0051CA68 /* CoreDataResponse.swift in Sources */,
				5C66EA67234F5ADF00A290CE /* AppNetworkService.swift in Sources */,
			);
			runOnlyForDeploymentPostprocessing = 0;
		};
/* End PBXSourcesBuildPhase section */

/* Begin PBXVariantGroup section */
		5C87650323432A3800201833 /* LaunchScreen.storyboard */ = {
			isa = PBXVariantGroup;
			children = (
				5C87650423432A3800201833 /* Base */,
			);
			name = LaunchScreen.storyboard;
			sourceTree = "<group>";
		};
/* End PBXVariantGroup section */

/* Begin XCBuildConfiguration section */
		5C8764DB2342F19200201833 /* Debug */ = {
			isa = XCBuildConfiguration;
			buildSettings = {
				ALWAYS_SEARCH_USER_PATHS = NO;
				CLANG_ANALYZER_NONNULL = YES;
				CLANG_ANALYZER_NUMBER_OBJECT_CONVERSION = YES_AGGRESSIVE;
				CLANG_CXX_LANGUAGE_STANDARD = "gnu++14";
				CLANG_CXX_LIBRARY = "libc++";
				CLANG_ENABLE_MODULES = YES;
				CLANG_ENABLE_OBJC_ARC = YES;
				CLANG_ENABLE_OBJC_WEAK = YES;
				CLANG_WARN_BLOCK_CAPTURE_AUTORELEASING = YES;
				CLANG_WARN_BOOL_CONVERSION = YES;
				CLANG_WARN_COMMA = YES;
				CLANG_WARN_CONSTANT_CONVERSION = YES;
				CLANG_WARN_DEPRECATED_OBJC_IMPLEMENTATIONS = YES;
				CLANG_WARN_DIRECT_OBJC_ISA_USAGE = YES_ERROR;
				CLANG_WARN_DOCUMENTATION_COMMENTS = YES;
				CLANG_WARN_EMPTY_BODY = YES;
				CLANG_WARN_ENUM_CONVERSION = YES;
				CLANG_WARN_INFINITE_RECURSION = YES;
				CLANG_WARN_INT_CONVERSION = YES;
				CLANG_WARN_NON_LITERAL_NULL_CONVERSION = YES;
				CLANG_WARN_OBJC_IMPLICIT_RETAIN_SELF = YES;
				CLANG_WARN_OBJC_LITERAL_CONVERSION = YES;
				CLANG_WARN_OBJC_ROOT_CLASS = YES_ERROR;
				CLANG_WARN_RANGE_LOOP_ANALYSIS = YES;
				CLANG_WARN_STRICT_PROTOTYPES = YES;
				CLANG_WARN_SUSPICIOUS_MOVE = YES;
				CLANG_WARN_UNGUARDED_AVAILABILITY = YES_AGGRESSIVE;
				CLANG_WARN_UNREACHABLE_CODE = YES;
				CLANG_WARN__DUPLICATE_METHOD_MATCH = YES;
				COPY_PHASE_STRIP = NO;
				DEBUG_INFORMATION_FORMAT = dwarf;
				ENABLE_STRICT_OBJC_MSGSEND = YES;
				ENABLE_TESTABILITY = YES;
				GCC_C_LANGUAGE_STANDARD = gnu11;
				GCC_DYNAMIC_NO_PIC = NO;
				GCC_NO_COMMON_BLOCKS = YES;
				GCC_OPTIMIZATION_LEVEL = 0;
				GCC_PREPROCESSOR_DEFINITIONS = (
					"DEBUG=1",
					"$(inherited)",
				);
				GCC_WARN_64_TO_32_BIT_CONVERSION = YES;
				GCC_WARN_ABOUT_RETURN_TYPE = YES_ERROR;
				GCC_WARN_UNDECLARED_SELECTOR = YES;
				GCC_WARN_UNINITIALIZED_AUTOS = YES_AGGRESSIVE;
				GCC_WARN_UNUSED_FUNCTION = YES;
				GCC_WARN_UNUSED_VARIABLE = YES;
				IPHONEOS_DEPLOYMENT_TARGET = 13.0;
				MTL_ENABLE_DEBUG_INFO = INCLUDE_SOURCE;
				MTL_FAST_MATH = YES;
				ONLY_ACTIVE_ARCH = YES;
				SDKROOT = iphoneos;
				SWIFT_ACTIVE_COMPILATION_CONDITIONS = DEBUG;
				SWIFT_OPTIMIZATION_LEVEL = "-Onone";
			};
			name = Debug;
		};
		5C8764DC2342F19200201833 /* Release */ = {
			isa = XCBuildConfiguration;
			buildSettings = {
				ALWAYS_SEARCH_USER_PATHS = NO;
				CLANG_ANALYZER_NONNULL = YES;
				CLANG_ANALYZER_NUMBER_OBJECT_CONVERSION = YES_AGGRESSIVE;
				CLANG_CXX_LANGUAGE_STANDARD = "gnu++14";
				CLANG_CXX_LIBRARY = "libc++";
				CLANG_ENABLE_MODULES = YES;
				CLANG_ENABLE_OBJC_ARC = YES;
				CLANG_ENABLE_OBJC_WEAK = YES;
				CLANG_WARN_BLOCK_CAPTURE_AUTORELEASING = YES;
				CLANG_WARN_BOOL_CONVERSION = YES;
				CLANG_WARN_COMMA = YES;
				CLANG_WARN_CONSTANT_CONVERSION = YES;
				CLANG_WARN_DEPRECATED_OBJC_IMPLEMENTATIONS = YES;
				CLANG_WARN_DIRECT_OBJC_ISA_USAGE = YES_ERROR;
				CLANG_WARN_DOCUMENTATION_COMMENTS = YES;
				CLANG_WARN_EMPTY_BODY = YES;
				CLANG_WARN_ENUM_CONVERSION = YES;
				CLANG_WARN_INFINITE_RECURSION = YES;
				CLANG_WARN_INT_CONVERSION = YES;
				CLANG_WARN_NON_LITERAL_NULL_CONVERSION = YES;
				CLANG_WARN_OBJC_IMPLICIT_RETAIN_SELF = YES;
				CLANG_WARN_OBJC_LITERAL_CONVERSION = YES;
				CLANG_WARN_OBJC_ROOT_CLASS = YES_ERROR;
				CLANG_WARN_RANGE_LOOP_ANALYSIS = YES;
				CLANG_WARN_STRICT_PROTOTYPES = YES;
				CLANG_WARN_SUSPICIOUS_MOVE = YES;
				CLANG_WARN_UNGUARDED_AVAILABILITY = YES_AGGRESSIVE;
				CLANG_WARN_UNREACHABLE_CODE = YES;
				CLANG_WARN__DUPLICATE_METHOD_MATCH = YES;
				COPY_PHASE_STRIP = NO;
				DEBUG_INFORMATION_FORMAT = "dwarf-with-dsym";
				ENABLE_NS_ASSERTIONS = NO;
				ENABLE_STRICT_OBJC_MSGSEND = YES;
				GCC_C_LANGUAGE_STANDARD = gnu11;
				GCC_NO_COMMON_BLOCKS = YES;
				GCC_WARN_64_TO_32_BIT_CONVERSION = YES;
				GCC_WARN_ABOUT_RETURN_TYPE = YES_ERROR;
				GCC_WARN_UNDECLARED_SELECTOR = YES;
				GCC_WARN_UNINITIALIZED_AUTOS = YES_AGGRESSIVE;
				GCC_WARN_UNUSED_FUNCTION = YES;
				GCC_WARN_UNUSED_VARIABLE = YES;
				IPHONEOS_DEPLOYMENT_TARGET = 13.0;
				MTL_ENABLE_DEBUG_INFO = NO;
				MTL_FAST_MATH = YES;
				SDKROOT = iphoneos;
				SWIFT_COMPILATION_MODE = wholemodule;
				SWIFT_OPTIMIZATION_LEVEL = "-O";
				VALIDATE_PRODUCT = YES;
			};
			name = Release;
		};
		5C8764DE2342F19200201833 /* Debug */ = {
			isa = XCBuildConfiguration;
			baseConfigurationReference = EE55CE162F5FF925DECC3D35 /* Pods-GroupingApp.debug.xcconfig */;
			buildSettings = {
				ASSETCATALOG_COMPILER_APPICON_NAME = AppIcon;
				CODE_SIGN_STYLE = Automatic;
				DEVELOPMENT_TEAM = CNMQE42DQF;
				FRAMEWORK_SEARCH_PATHS = (
					"$(inherited)",
					"$(PROJECT_DIR)",
				);
				INFOPLIST_FILE = "$(SRCROOT)/GroupingApp/Resources/Info.plist";
				IPHONEOS_DEPLOYMENT_TARGET = 11.0;
				LD_RUNPATH_SEARCH_PATHS = (
					"$(inherited)",
					"@executable_path/Frameworks",
				);
				PRODUCT_BUNDLE_IDENTIFIER = com.jinnify.GroupingApp;
				PRODUCT_NAME = "$(TARGET_NAME)";
				SWIFT_VERSION = 5.0;
				TARGETED_DEVICE_FAMILY = "1,2";
			};
			name = Debug;
		};
		5C8764DF2342F19200201833 /* Release */ = {
			isa = XCBuildConfiguration;
			baseConfigurationReference = 6EF01C972792DDD61480E721 /* Pods-GroupingApp.release.xcconfig */;
			buildSettings = {
				ASSETCATALOG_COMPILER_APPICON_NAME = AppIcon;
				CODE_SIGN_STYLE = Automatic;
				DEVELOPMENT_TEAM = CNMQE42DQF;
				FRAMEWORK_SEARCH_PATHS = (
					"$(inherited)",
					"$(PROJECT_DIR)",
				);
				INFOPLIST_FILE = "$(SRCROOT)/GroupingApp/Resources/Info.plist";
				IPHONEOS_DEPLOYMENT_TARGET = 11.0;
				LD_RUNPATH_SEARCH_PATHS = (
					"$(inherited)",
					"@executable_path/Frameworks",
				);
				PRODUCT_BUNDLE_IDENTIFIER = com.jinnify.GroupingApp;
				PRODUCT_NAME = "$(TARGET_NAME)";
				SWIFT_VERSION = 5.0;
				TARGETED_DEVICE_FAMILY = "1,2";
			};
			name = Release;
		};
/* End XCBuildConfiguration section */

/* Begin XCConfigurationList section */
		5C8764C12342F19000201833 /* Build configuration list for PBXProject "GroupingApp" */ = {
			isa = XCConfigurationList;
			buildConfigurations = (
				5C8764DB2342F19200201833 /* Debug */,
				5C8764DC2342F19200201833 /* Release */,
			);
			defaultConfigurationIsVisible = 0;
			defaultConfigurationName = Release;
		};
		5C8764DD2342F19200201833 /* Build configuration list for PBXNativeTarget "GroupingApp" */ = {
			isa = XCConfigurationList;
			buildConfigurations = (
				5C8764DE2342F19200201833 /* Debug */,
				5C8764DF2342F19200201833 /* Release */,
			);
			defaultConfigurationIsVisible = 0;
			defaultConfigurationName = Release;
		};
/* End XCConfigurationList section */

/* Begin XCVersionGroup section */
		5C8764D22342F19000201833 /* GroupingApp.xcdatamodeld */ = {
			isa = XCVersionGroup;
			children = (
				5C8764D32342F19000201833 /* GroupingApp.xcdatamodel */,
			);
			currentVersion = 5C8764D32342F19000201833 /* GroupingApp.xcdatamodel */;
			path = GroupingApp.xcdatamodeld;
			sourceTree = "<group>";
			versionGroupType = wrapper.xcdatamodel;
		};
/* End XCVersionGroup section */
	};
	rootObject = 5C8764BE2342F19000201833 /* Project object */;
}
